
Microsoft Visual Studio Solution File, Format Version 12.00
# Visual Studio 14
VisualStudioVersion = 14.0.25420.1
MinimumVisualStudioVersion = 10.0.40219.1
Project("{FAE04EC0-301F-11D3-BF4B-00C04F79EFBC}") = "AbcMedical", "AbcMedical\AbcMedical.csproj", "{EB3E73B9-9121-48FB-BA51-CD5B705A6F16}"
EndProject
Project("{FAE04EC0-301F-11D3-BF4B-00C04F79EFBC}") = "Entities", "Entities\Entities.csproj", "{6D3B0655-3D25-4A1C-A28C-58AEE5AF1540}"
EndProject
Project("{FAE04EC0-301F-11D3-BF4B-00C04F79EFBC}") = "DAL", "DAL\DAL.csproj", "{6BE72F83-931D-4C10-BE5D-343EB9371224}"
EndProject
Global
	GlobalSection(SolutionConfigurationPlatforms) = preSolution
		Debug|Any CPU = Debug|Any CPU
		Release|Any CPU = Release|Any CPU
	EndGlobalSection
	GlobalSection(ProjectConfigurationPlatforms) = postSolution
		{EB3E73B9-9121-48FB-BA51-CD5B705A6F16}.Debug|Any CPU.ActiveCfg = Debug|Any CPU
		{EB3E73B9-9121-48FB-BA51-CD5B705A6F16}.Debug|Any CPU.Build.0 = Debug|Any CPU
		{EB3E73B9-9121-48FB-BA51-CD5B705A6F16}.Release|Any CPU.ActiveCfg = Release|Any CPU
		{EB3E73B9-9121-48FB-BA51-CD5B705A6F16}.Release|Any CPU.Build.0 = Release|Any CPU
		{6D3B0655-3D25-4A1C-A28C-58AEE5AF1540}.Debug|Any CPU.ActiveCfg = Debug|Any CPU
		{6D3B0655-3D25-4A1C-A28C-58AEE5AF1540}.Debug|Any CPU.Build.0 = Debug|Any CPU
		{6D3B0655-3D25-4A1C-A28C-58AEE5AF1540}.Release|Any CPU.ActiveCfg = Release|Any CPU
		{6D3B0655-3D25-4A1C-A28C-58AEE5AF1540}.Release|Any CPU.Build.0 = Release|Any CPU
		{6BE72F83-931D-4C10-BE5D-343EB9371224}.Debug|Any CPU.ActiveCfg = Debug|Any CPU
		{6BE72F83-931D-4C10-BE5D-343EB9371224}.Debug|Any CPU.Build.0 = Debug|Any CPU
		{6BE72F83-931D-4C10-BE5D-343EB9371224}.Release|Any CPU.ActiveCfg = Release|Any CPU
		{6BE72F83-931D-4C10-BE5D-343EB9371224}.Release|Any CPU.Build.0 = Release|Any CPU
	EndGlobalSection
	GlobalSection(SolutionProperties) = preSolution
		HideSolutionNode = FALSE
	EndGlobalSection
EndGlobal
